{
  "version": 4,
  "terraform_version": "1.15.5",
  "serial": 1,
  "lineage": "09ca1514-44a0-8dc0-1c39-36fee84616d1",
  "outputs": {},
  "resources": [
    {
      "mode": "managed",
      "type": "local_file",
      "name": "student_doc",
      "provider": "provider[\"registry.terraform.io/hashicorp/local\"]",
      "instances": [
        {
          "schema_version": 0,
          "attributes": {
            "content": "Welcome to Terraform! You successfully built this file locally on Windows.",
            "content_base64": null,
            "content_base64sha256": "U+2+UbrHSVrd7Ib5w94RMYwl6Oz/S6WhE9t/6sE61pw=",
            "content_base64sha512": "sgunBkv5SPj4U63Xnqsf1QmsDj2xp/iEkvCTZ7aBHzZRIrvWEux05lDeaWywO5hXQ5BhZM8IHBdXzkMXf9Sr5g==",
            "content_md5": "c39251015d06deadd09e007ffb76230f",
            "content_sha1": "0d4b7addb616964e7494d368e731612f0e9fa5c0",
            "content_sha256": "53edbe51bac7495addec86f9c3de11318c25e8ecff4ba5a113db7feac13ad69c",
            "content_sha512": "b20ba7064bf948f8f853add79eab1fd509ac0e3db1a7f88492f09367b6811f365122bbd612ec74e650de696cb03b985743906164cf081c1757ce43177fd4abe6",
            "directory_permission": "0777",
            "file_permission": "0777",
            "filename": "./hello_terraform.txt",
            "id": "0d4b7addb616964e7494d368e731612f0e9fa5c0",
            "sensitive_content": null,
            "source": null
          },
          "sensitive_attributes": [
            [
              {
                "type": "get_attr",
                "value": "sensitive_content"
              }
            ]
          ],
          "identity_schema_version": 0
        }
      ]
    }
  ],
  "check_results": null
}
